// !$*UTF8*$!
{
	archiveVersion = 1;
	classes = {
	};
	objectVersion = 46;
	objects = {

/* Begin PBXBuildFile section */
		91EB762F681B9F70FEFFEBA8 /* Pods_YOS.framework in Frameworks */ = {isa = PBXBuildFile; fileRef = 09ABF2D1D48F57C61F073401 /* Pods_YOS.framework */; };
		978DB88E1DB84D63002B8164 /* PageViewController.swift in Sources */ = {isa = PBXBuildFile; fileRef = 978DB88D1DB84D63002B8164 /* PageViewController.swift */; };
		978DB8901DB859D0002B8164 /* TimesheetViewController.swift in Sources */ = {isa = PBXBuildFile; fileRef = 978DB88F1DB859D0002B8164 /* TimesheetViewController.swift */; };
		978DB8921DB859E4002B8164 /* UploadViewController.swift in Sources */ = {isa = PBXBuildFile; fileRef = 978DB8911DB859E4002B8164 /* UploadViewController.swift */; };
		97EA2BCE1DB7A28100792DF7 /* AppDelegate.swift in Sources */ = {isa = PBXBuildFile; fileRef = 97EA2BCD1DB7A28100792DF7 /* AppDelegate.swift */; };
		97EA2BD71DB7A28100792DF7 /* Main.storyboard in Resources */ = {isa = PBXBuildFile; fileRef = 97EA2BD51DB7A28100792DF7 /* Main.storyboard */; };
		97EA2BD91DB7A28100792DF7 /* Assets.xcassets in Resources */ = {isa = PBXBuildFile; fileRef = 97EA2BD81DB7A28100792DF7 /* Assets.xcassets */; };
		97EA2BDC1DB7A28100792DF7 /* LaunchScreen.storyboard in Resources */ = {isa = PBXBuildFile; fileRef = 97EA2BDA1DB7A28100792DF7 /* LaunchScreen.storyboard */; };
		97EA2BE41DB7A5FD00792DF7 /* GoogleService-Info.plist in Resources */ = {isa = PBXBuildFile; fileRef = 97EA2BE31DB7A5FD00792DF7 /* GoogleService-Info.plist */; };
/* End PBXBuildFile section */

/* Begin PBXFileReference section */
		09ABF2D1D48F57C61F073401 /* Pods_YOS.framework */ = {isa = PBXFileReference; explicitFileType = wrapper.framework; includeInIndex = 0; path = Pods_YOS.framework; sourceTree = BUILT_PRODUCTS_DIR; };
		8A4C18D2D56CE2D00823E58B /* Pods-YOS.release.xcconfig */ = {isa = PBXFileReference; includeInIndex = 1; lastKnownFileType = text.xcconfig; name = "Pods-YOS.release.xcconfig"; path = "Pods/Target Support Files/Pods-YOS/Pods-YOS.release.xcconfig"; sourceTree = "<group>"; };
		978DB88D1DB84D63002B8164 /* PageViewController.swift */ = {isa = PBXFileReference; fileEncoding = 4; lastKnownFileType = sourcecode.swift; path = PageViewController.swift; sourceTree = "<group>"; };
		978DB88F1DB859D0002B8164 /* TimesheetViewController.swift */ = {isa = PBXFileReference; fileEncoding = 4; lastKnownFileType = sourcecode.swift; path = TimesheetViewController.swift; sourceTree = "<group>"; };
		978DB8911DB859E4002B8164 /* UploadViewController.swift */ = {isa = PBXFileReference; fileEncoding = 4; lastKnownFileType = sourcecode.swift; path = UploadViewController.swift; sourceTree = "<group>"; };
		9799244F1DBC1043004012C0 /* YOS.entitlements */ = {isa = PBXFileReference; lastKnownFileType = text.plist.entitlements; path = YOS.entitlements; sourceTree = "<group>"; };
		97EA2BCA1DB7A28100792DF7 /* YOS.app */ = {isa = PBXFileReference; explicitFileType = wrapper.application; includeInIndex = 0; path = YOS.app; sourceTree = BUILT_PRODUCTS_DIR; };
		97EA2BCD1DB7A28100792DF7 /* AppDelegate.swift */ = {isa = PBXFileReference; lastKnownFileType = sourcecode.swift; path = AppDelegate.swift; sourceTree = "<group>"; };
		97EA2BD61DB7A28100792DF7 /* Base */ = {isa = PBXFileReference; lastKnownFileType = file.storyboard; name = Base; path = Base.lproj/Main.storyboard; sourceTree = "<group>"; };
		97EA2BD81DB7A28100792DF7 /* Assets.xcassets */ = {isa = PBXFileReference; lastKnownFileType = folder.assetcatalog; path = Assets.xcassets; sourceTree = "<group>"; };
		97EA2BDB1DB7A28100792DF7 /* Base */ = {isa = PBXFileReference; lastKnownFileType = file.storyboard; name = Base; path = Base.lproj/LaunchScreen.storyboard; sourceTree = "<group>"; };
		97EA2BDD1DB7A28100792DF7 /* Info.plist */ = {isa = PBXFileReference; lastKnownFileType = text.plist.xml; path = Info.plist; sourceTree = "<group>"; };
		97EA2BE31DB7A5FD00792DF7 /* GoogleService-Info.plist */ = {isa = PBXFileReference; fileEncoding = 4; lastKnownFileType = text.plist.xml; path = "GoogleService-Info.plist"; sourceTree = "<group>"; };
		BC4D5DF345C79507351510AE /* Pods-YOS.debug.xcconfig */ = {isa = PBXFileReference; includeInIndex = 1; lastKnownFileType = text.xcconfig; name = "Pods-YOS.debug.xcconfig"; path = "Pods/Target Support Files/Pods-YOS/Pods-YOS.debug.xcconfig"; sourceTree = "<group>"; };
/* End PBXFileReference section */

/* Begin PBXFrameworksBuildPhase section */
		97EA2BC71DB7A28000792DF7 /* Frameworks */ = {
			isa = PBXFrameworksBuildPhase;
			buildActionMask = 2147483647;
			files = (
				91EB762F681B9F70FEFFEBA8 /* Pods_YOS.framework in Frameworks */,
			);
			runOnlyForDeploymentPostprocessing = 0;
		};
/* End PBXFrameworksBuildPhase section */

/* Begin PBXGroup section */
		97EA2BC11DB7A28000792DF7 = {
			isa = PBXGroup;
			children = (
				97EA2BCC1DB7A28100792DF7 /* YOS */,
				97EA2BCB1DB7A28100792DF7 /* Products */,
				A398B1A728759BA6CD783260 /* Pods */,
				BA2AB34161F00230414FEDBB /* Frameworks */,
			);
			sourceTree = "<group>";
		};
		97EA2BCB1DB7A28100792DF7 /* Products */ = {
			isa = PBXGroup;
			children = (
				97EA2BCA1DB7A28100792DF7 /* YOS.app */,
			);
			name = Products;
			sourceTree = "<group>";
		};
		97EA2BCC1DB7A28100792DF7 /* YOS */ = {
			isa = PBXGroup;
			children = (
				9799244F1DBC1043004012C0 /* YOS.entitlements */,
				97EA2BCD1DB7A28100792DF7 /* AppDelegate.swift */,
				978DB88D1DB84D63002B8164 /* PageViewController.swift */,
				978DB88F1DB859D0002B8164 /* TimesheetViewController.swift */,
				978DB8911DB859E4002B8164 /* UploadViewController.swift */,
				97EA2BD51DB7A28100792DF7 /* Main.storyboard */,
				97EA2BD81DB7A28100792DF7 /* Assets.xcassets */,
				97EA2BDA1DB7A28100792DF7 /* LaunchScreen.storyboard */,
				97EA2BDD1DB7A28100792DF7 /* Info.plist */,
				97EA2BE31DB7A5FD00792DF7 /* GoogleService-Info.plist */,
			);
			path = YOS;
			sourceTree = "<group>";
		};
		A398B1A728759BA6CD783260 /* Pods */ = {
			isa = PBXGroup;
			children = (
				BC4D5DF345C79507351510AE /* Pods-YOS.debug.xcconfig */,
				8A4C18D2D56CE2D00823E58B /* Pods-YOS.release.xcconfig */,
			);
			name = Pods;
			sourceTree = "<group>";
		};
		BA2AB34161F00230414FEDBB /* Frameworks */ = {
			isa = PBXGroup;
			children = (
				09ABF2D1D48F57C61F073401 /* Pods_YOS.framework */,
			);
			name = Frameworks;
			sourceTree = "<group>";
		};
/* End PBXGroup section */

/* Begin PBXNativeTarget section */
		97EA2BC91DB7A28000792DF7 /* YOS */ = {
			isa = PBXNativeTarget;
			buildConfigurationList = 97EA2BE01DB7A28100792DF7 /* Build configuration list for PBXNativeTarget "YOS" */;
			buildPhases = (
				0EBC7E70CE06B52F49767FCB /* [CP] Check Pods Manifest.lock */,
				97EA2BC61DB7A28000792DF7 /* Sources */,
				97EA2BC71DB7A28000792DF7 /* Frameworks */,
				97EA2BC81DB7A28000792DF7 /* Resources */,
				8DD7977B38970492F149A3BB /* [CP] Embed Pods Frameworks */,
				86613B85171DF7964FBED4A6 /* [CP] Copy Pods Resources */,
			);
			buildRules = (
			);
			dependencies = (
			);
			name = YOS;
			productName = YOS;
			productReference = 97EA2BCA1DB7A28100792DF7 /* YOS.app */;
			productType = "com.apple.product-type.application";
		};
/* End PBXNativeTarget section */

/* Begin PBXProject section */
		97EA2BC21DB7A28000792DF7 /* Project object */ = {
			isa = PBXProject;
			attributes = {
				LastSwiftUpdateCheck = 0800;
				LastUpgradeCheck = 0800;
				ORGANIZATIONNAME = "University High School";
				TargetAttributes = {
					97EA2BC91DB7A28000792DF7 = {
						CreatedOnToolsVersion = 8.0;
						DevelopmentTeam = W3Z7EQL7KZ;
						LastSwiftMigration = 0800;
						ProvisioningStyle = Automatic;
						SystemCapabilities = {
							com.apple.BackgroundModes = {
								enabled = 0;
							};
							com.apple.Keychain = {
								enabled = 1;
							};
						};
					};
				};
			};
			buildConfigurationList = 97EA2BC51DB7A28000792DF7 /* Build configuration list for PBXProject "YOS" */;
			compatibilityVersion = "Xcode 3.2";
			developmentRegion = English;
			hasScannedForEncodings = 0;
			knownRegions = (
				en,
				Base,
			);
			mainGroup = 97EA2BC11DB7A28000792DF7;
			productRefGroup = 97EA2BCB1DB7A28100792DF7 /* Products */;
			projectDirPath = "";
			projectRoot = "";
			targets = (
				97EA2BC91DB7A28000792DF7 /* YOS */,
			);
		};
/* End PBXProject section */

/* Begin PBXResourcesBuildPhase section */
		97EA2BC81DB7A28000792DF7 /* Resources */ = {
			isa = PBXResourcesBuildPhase;
			buildActionMask = 2147483647;
			files = (
				97EA2BDC1DB7A28100792DF7 /* LaunchScreen.storyboard in Resources */,
				97EA2BE41DB7A5FD00792DF7 /* GoogleService-Info.plist in Resources */,
				97EA2BD91DB7A28100792DF7 /* Assets.xcassets in Resources */,
				97EA2BD71DB7A28100792DF7 /* Main.storyboard in Resources */,
			);
			runOnlyForDeploymentPostprocessing = 0;
		};
/* End PBXResourcesBuildPhase section */

/* Begin PBXShellScriptBuildPhase section */
		0EBC7E70CE06B52F49767FCB /* [CP] Check Pods Manifest.lock */ = {
			isa = PBXShellScriptBuildPhase;
			buildActionMask = 2147483647;
			files = (
			);
			inputPaths = (
			);
			name = "[CP] Check Pods Manifest.lock";
			outputPaths = (
			);
			runOnlyForDeploymentPostprocessing = 0;
			shellPath = /bin/sh;
			shellScript = "diff \"${PODS_ROOT}/../Podfile.lock\" \"${PODS_ROOT}/Manifest.lock\" > /dev/null\nif [[ $? != 0 ]] ; then\n    cat << EOM\nerror: The sandbox is not in sync with the Podfile.lock. Run 'pod install' or update your CocoaPods installation.\nEOM\n    exit 1\nfi\n";
			showEnvVarsInLog = 0;
		};
		86613B85171DF7964FBED4A6 /* [CP] Copy Pods Resources */ = {
			isa = PBXShellScriptBuildPhase;
			buildActionMask = 2147483647;
			files = (
			);
			inputPaths = (
			);
			name = "[CP] Copy Pods Resources";
			outputPaths = (
			);
			runOnlyForDeploymentPostprocessing = 0;
			shellPath = /bin/sh;
			shellScript = "\"${SRCROOT}/Pods/Target Support Files/Pods-YOS/Pods-YOS-resources.sh\"\n";
			showEnvVarsInLog = 0;
		};
		8DD7977B38970492F149A3BB /* [CP] Embed Pods Frameworks */ = {
			isa = PBXShellScriptBuildPhase;
			buildActionMask = 2147483647;
			files = (
			);
			inputPaths = (
			);
			name = "[CP] Embed Pods Frameworks";
			outputPaths = (
			);
			runOnlyForDeploymentPostprocessing = 0;
			shellPath = /bin/sh;
			shellScript = "\"${SRCROOT}/Pods/Target Support Files/Pods-YOS/Pods-YOS-frameworks.sh\"\n";
			showEnvVarsInLog = 0;
		};
/* End PBXShellScriptBuildPhase section */

/* Begin PBXSourcesBuildPhase section */
		97EA2BC61DB7A28000792DF7 /* Sources */ = {
			isa = PBXSourcesBuildPhase;
			buildActionMask = 2147483647;
			files = (
				97EA2BCE1DB7A28100792DF7 /* AppDelegate.swift in Sources */,
				978DB8921DB859E4002B8164 /* UploadViewController.swift in Sources */,
				978DB88E1DB84D63002B8164 /* PageViewController.swift in Sources */,
				978DB8901DB859D0002B8164 /* TimesheetViewController.swift in Sources */,
			);
			runOnlyForDeploymentPostprocessing = 0;
		};
/* End PBXSourcesBuildPhase section */

/* Begin PBXVariantGroup section */
		97EA2BD51DB7A28100792DF7 /* Main.storyboard */ = {
			isa = PBXVariantGroup;
			children = (
				97EA2BD61DB7A28100792DF7 /* Base */,
			);
			name = Main.storyboard;
			sourceTree = "<group>";
		};
		97EA2BDA1DB7A28100792DF7 /* LaunchScreen.storyboard */ = {
			isa = PBXVariantGroup;
			children = (
				97EA2BDB1DB7A28100792DF7 /* Base */,
			);
			name = LaunchScreen.storyboard;
			sourceTree = "<group>";
		};
/* End PBXVariantGroup section */

/* Begin XCBuildConfiguration section */
		97EA2BDE1DB7A28100792DF7 /* Debug */ = {
			isa = XCBuildConfiguration;
			buildSettings = {
				ALWAYS_SEARCH_USER_PATHS = NO;
				CLANG_ANALYZER_NONNULL = YES;
				CLANG_CXX_LANGUAGE_STANDARD = "gnu++0x";
				CLANG_CXX_LIBRARY = "libc++";
				CLANG_ENABLE_MODULES = YES;
				CLANG_ENABLE_OBJC_ARC = YES;
				CLANG_WARN_BOOL_CONVERSION = YES;
				CLANG_WARN_CONSTANT_CONVERSION = YES;
				CLANG_WARN_DIRECT_OBJC_ISA_USAGE = YES_ERROR;
				CLANG_WARN_DOCUMENTATION_COMMENTS = YES;
				CLANG_WARN_EMPTY_BODY = YES;
				CLANG_WARN_ENUM_CONVERSION = YES;
				CLANG_WARN_INFINITE_RECURSION = YES;
				CLANG_WARN_INT_CONVERSION = YES;
				CLANG_WARN_OBJC_ROOT_CLASS = YES_ERROR;
				CLANG_WARN_SUSPICIOUS_MOVE = YES;
				CLANG_WARN_SUSPICIOUS_MOVES = YES;
				CLANG_WARN_UNREACHABLE_CODE = YES;
				CLANG_WARN__DUPLICATE_METHOD_MATCH = YES;
				"CODE_SIGN_IDENTITY[sdk=iphoneos*]" = "iPhone Developer";
				COPY_PHASE_STRIP = NO;
				DEBUG_INFORMATION_FORMAT = dwarf;
				ENABLE_STRICT_OBJC_MSGSEND = YES;
				ENABLE_TESTABILITY = YES;
				GCC_C_LANGUAGE_STANDARD = gnu99;
				GCC_DYNAMIC_NO_PIC = NO;
				GCC_NO_COMMON_BLOCKS = YES;
				GCC_OPTIMIZATION_LEVEL = 0;
				GCC_PREPROCESSOR_DEFINITIONS = (
					"DEBUG=1",
					"$(inherited)",
				);
				GCC_WARN_64_TO_32_BIT_CONVERSION = YES;
				GCC_WARN_ABOUT_RETURN_TYPE = YES_ERROR;
				GCC_WARN_UNDECLARED_SELECTOR = YES;
				GCC_WARN_UNINITIALIZED_AUTOS = YES_AGGRESSIVE;
				GCC_WARN_UNUSED_FUNCTION = YES;
				GCC_WARN_UNUSED_VARIABLE = YES;
				IPHONEOS_DEPLOYMENT_TARGET = 10.0;
				MTL_ENABLE_DEBUG_INFO = YES;
				ONLY_ACTIVE_ARCH = YES;
				SDKROOT = iphoneos;
				SWIFT_ACTIVE_COMPILATION_CONDITIONS = DEBUG;
				SWIFT_OPTIMIZATION_LEVEL = "-Onone";
				TARGETED_DEVICE_FAMILY = "1,2";
			};
			name = Debug;
		};
		97EA2BDF1DB7A28100792DF7 /* Release */ = {
			isa = XCBuildConfiguration;
			buildSettings = {
				ALWAYS_SEARCH_USER_PATHS = NO;
				CLANG_ANALYZER_NONNULL = YES;
				CLANG_CXX_LANGUAGE_STANDARD = "gnu++0x";
				CLANG_CXX_LIBRARY = "libc++";
				CLANG_ENABLE_MODULES = YES;
				CLANG_ENABLE_OBJC_ARC = YES;
				CLANG_WARN_BOOL_CONVERSION = YES;
				CLANG_WARN_CONSTANT_CONVERSION = YES;
				CLANG_WARN_DIRECT_OBJC_ISA_USAGE = YES_ERROR;
				CLANG_WARN_DOCUMENTATION_COMMENTS = YES;
				CLANG_WARN_EMPTY_BODY = YES;
				CLANG_WARN_ENUM_CONVERSION = YES;
				CLANG_WARN_INFINITE_RECURSION = YES;
				CLANG_WARN_INT_CONVERSION = YES;
				CLANG_WARN_OBJC_ROOT_CLASS = YES_ERROR;
				CLANG_WARN_SUSPICIOUS_MOVE = YES;
				CLANG_WARN_SUSPICIOUS_MOVES = YES;
				CLANG_WARN_UNREACHABLE_CODE = YES;
				CLANG_WARN__DUPLICATE_METHOD_MATCH = YES;
				"CODE_SIGN_IDENTITY[sdk=iphoneos*]" = "iPhone Developer";
				COPY_PHASE_STRIP = NO;
				DEBUG_INFORMATION_FORMAT = "dwarf-with-dsym";
				ENABLE_NS_ASSERTIONS = NO;
				ENABLE_STRICT_OBJC_MSGSEND = YES;
				GCC_C_LANGUAGE_STANDARD = gnu99;
				GCC_NO_COMMON_BLOCKS = YES;
				GCC_WARN_64_TO_32_BIT_CONVERSION = YES;
				GCC_WARN_ABOUT_RETURN_TYPE = YES_ERROR;
				GCC_WARN_UNDECLARED_SELECTOR = YES;
				GCC_WARN_UNINITIALIZED_AUTOS = YES_AGGRESSIVE;
				GCC_WARN_UNUSED_FUNCTION = YES;
				GCC_WARN_UNUSED_VARIABLE = YES;
				IPHONEOS_DEPLOYMENT_TARGET = 10.0;
				MTL_ENABLE_DEBUG_INFO = NO;
				SDKROOT = iphoneos;
				SWIFT_OPTIMIZATION_LEVEL = "-Owholemodule";
				TARGETED_DEVICE_FAMILY = "1,2";
				VALIDATE_PRODUCT = YES;
			};
			name = Release;
		};
		97EA2BE11DB7A28100792DF7 /* Debug */ = {
			isa = XCBuildConfiguration;
			baseConfigurationReference = BC4D5DF345C79507351510AE /* Pods-YOS.debug.xcconfig */;
			buildSettings = {
				ASSETCATALOG_COMPILER_APPICON_NAME = AppIcon;
				CLANG_ENABLE_MODULES = YES;
				CODE_SIGN_ENTITLEMENTS = YOS/YOS.entitlements;
				"CODE_SIGN_IDENTITY[sdk=iphoneos*]" = "iPhone Developer";
				DEVELOPMENT_TEAM = W3Z7EQL7KZ;
				INFOPLIST_FILE = YOS/Info.plist;
				IPHONEOS_DEPLOYMENT_TARGET = 9.0;
				LD_RUNPATH_SEARCH_PATHS = "$(inherited) @executable_path/Frameworks";
				PRODUCT_BUNDLE_IDENTIFIER = org.universityhighschool.YOS;
				PRODUCT_NAME = "$(TARGET_NAME)";
				SWIFT_OPTIMIZATION_LEVEL = "-Onone";
				SWIFT_VERSION = 3.0;
				TARGETED_DEVICE_FAMILY = 1;
			};
			name = Debug;
		};
		97EA2BE21DB7A28100792DF7 /* Release */ = {
			isa = XCBuildConfiguration;
			baseConfigurationReference = 8A4C18D2D56CE2D00823E58B /* Pods-YOS.release.xcconfig */;
			buildSettings = {
				ASSETCATALOG_COMPILER_APPICON_NAME = AppIcon;
				CLANG_ENABLE_MODULES = YES;
				CODE_SIGN_ENTITLEMENTS = YOS/YOS.entitlements;
				"CODE_SIGN_IDENTITY[sdk=iphoneos*]" = "iPhone Developer";
				DEVELOPMENT_TEAM = W3Z7EQL7KZ;
				INFOPLIST_FILE = YOS/Info.plist;
				IPHONEOS_DEPLOYMENT_TARGET = 9.0;
				LD_RUNPATH_SEARCH_PATHS = "$(inherited) @executable_path/Frameworks";
				PRODUCT_BUNDLE_IDENTIFIER = org.universityhighschool.YOS;
				PRODUCT_NAME = "$(TARGET_NAME)";
				SWIFT_VERSION = 3.0;
				TARGETED_DEVICE_FAMILY = 1;
			};
			name = Release;
		};
/* End XCBuildConfiguration section */

/* Begin XCConfigurationList section */
		97EA2BC51DB7A28000792DF7 /* Build configuration list for PBXProject "YOS" */ = {
			isa = XCConfigurationList;
			buildConfigurations = (
				97EA2BDE1DB7A28100792DF7 /* Debug */,
				97EA2BDF1DB7A28100792DF7 /* Release */,
			);
			defaultConfigurationIsVisible = 0;
			defaultConfigurationName = Release;
		};
		97EA2BE01DB7A28100792DF7 /* Build configuration list for PBXNativeTarget "YOS" */ = {
			isa = XCConfigurationList;
			buildConfigurations = (
				97EA2BE11DB7A28100792DF7 /* Debug */,
				97EA2BE21DB7A28100792DF7 /* Release */,
			);
			defaultConfigurationIsVisible = 0;
			defaultConfigurationName = Release;
		};
/* End XCConfigurationList section */
	};
	rootObject = 97EA2BC21DB7A28000792DF7 /* Project object */;
}
